# This file is autogenerated, do not edit; changes may be undone by the next 'dep ensure'.


[[projects]]
  digest = "1:b16fbfbcc20645cb419f78325bb2e85ec729b338e996a228124d68931a6f2a37"
  name = "github.com/BurntSushi/toml"
  packages = ["."]
  pruneopts = "UT"
  revision = "v0.3.0"

[[projects]]
  digest = "1:931b17bffe3b4ea3c27ef8a4fdc6c7517661f222c2146df2aec06d9a5756b6b0"
  name = "github.com/aws/aws-sdk-go"
  packages = [
    "aws",
    "aws/awserr",
    "aws/awsutil",
    "aws/client",
    "aws/client/metadata",
    "aws/corehandlers",
    "aws/credentials",
    "aws/credentials/ec2rolecreds",
    "aws/credentials/endpointcreds",
    "aws/credentials/stscreds",
    "aws/defaults",
    "aws/ec2metadata",
    "aws/endpoints",
    "aws/request",
    "aws/session",
    "aws/signer/v4",
    "internal/sdkio",
    "internal/sdkrand",
    "internal/shareddefaults",
    "private/protocol",
    "private/protocol/ec2query",
    "private/protocol/json/jsonutil",
    "private/protocol/jsonrpc",
    "private/protocol/query",
    "private/protocol/query/queryutil",
    "private/protocol/rest",
    "private/protocol/xml/xmlutil",
    "service/ec2",
    "service/ecs",
    "service/sts",
  ]
  pruneopts = "UT"
  revision = "v1.13.42"

[[projects]]
  branch = "master"
  digest = "1:eed1efee98f5d335e09757758cb86542df2b9f99be0b95e030963eeb0b192639"
  name = "github.com/donovanhide/eventsource"
  packages = ["."]
  pruneopts = "UT"
  revision = "3ed64d21fb0b6bd8b49bcfec08f3004daee8723d"

[[projects]]
  digest = "1:00ec82dee2a53f8303ec2da69ea248402acd00c5979dd8e310d68c958116e3bb"
  name = "github.com/envoyproxy/go-control-plane"
  packages = [
    "envoy/api/v2",
    "envoy/api/v2/auth",
    "envoy/api/v2/cluster",
    "envoy/api/v2/core",
    "envoy/api/v2/endpoint",
    "envoy/api/v2/listener",
    "envoy/api/v2/route",
    "envoy/config/accesslog/v2",
    "envoy/config/filter/accesslog/v2",
    "envoy/config/filter/http/router/v2",
    "envoy/config/filter/network/http_connection_manager/v2",
    "envoy/data/accesslog/v2",
    "envoy/service/accesslog/v2",
    "envoy/service/discovery/v2",
    "envoy/type",
    "pkg/cache",
    "pkg/log",
    "pkg/server",
    "pkg/util",
  ]
  pruneopts = "UT"
  revision = "v0.5.0"

[[projects]]
  digest = "1:9ce5432341f5936ea1fcf1ad6a0381e79c3ce6f158b45e1ba39b65d582e1d9d3"
  name = "github.com/gambol99/go-marathon"
  packages = ["."]
  pruneopts = "UT"
  revision = "v0.7.1"

[[projects]]
  digest = "1:2cd7915ab26ede7d95b8749e6b1f933f1c6d5398030684e6505940a10f31cfda"
  name = "github.com/ghodss/yaml"
  packages = ["."]
  pruneopts = "UT"
  revision = "0ca9ea5df5451ffdf184b4428c902747c2c11cd7"
  version = "v1.0.0"

[[projects]]
  digest = "1:5abd6a22805b1919f6a6bca0ae58b13cef1f3412812f38569978f43ef02743d4"
  name = "github.com/go-ini/ini"
  packages = ["."]
  pruneopts = "UT"
  revision = "5cf292cae48347c2490ac1a58fe36735fb78df7e"
  version = "v1.38.2"

[[projects]]
  digest = "1:d661a50b937259fd2a6324af7ee4cb62fa506bd9b82cd2fd96e23122af7c006f"
  name = "github.com/gogo/googleapis"
  packages = [
    "google/api",
    "google/rpc",
  ]
  pruneopts = "UT"
  revision = "08a7655d27152912db7aaf4f983275eaf8d128ef"
  version = "v1.0.0"

[[projects]]
  digest = "1:35621fe20f140f05a0c4ef662c26c0ab4ee50bca78aa30fe87d33120bd28165e"
  name = "github.com/gogo/protobuf"
  packages = [
    "gogoproto",
    "jsonpb",
    "proto",
    "protoc-gen-gogo/descriptor",
    "sortkeys",
    "types",
  ]
  pruneopts = "UT"
  revision = "v1.1.1"

[[projects]]
  branch = "master"
  digest = "1:1ba1d79f2810270045c328ae5d674321db34e3aae468eb4233883b473c5c0467"
  name = "github.com/golang/glog"
  packages = ["."]
  pruneopts = "UT"
  revision = "23def4e6c14b4da8ac2ed8007337bc5eb5007998"

[[projects]]
  digest = "1:5d1b5a25486fc7d4e133646d834f6fca7ba1cef9903d40e7aa786c41b89e9e91"
  name = "github.com/golang/protobuf"
  packages = [
    "proto",
    "protoc-gen-go/descriptor",
    "ptypes",
    "ptypes/any",
    "ptypes/duration",
    "ptypes/timestamp",
  ]
  pruneopts = "UT"
  revision = "aa810b61a9c79d51363740d207bb46cf8e620ed5"
  version = "v1.2.0"

[[projects]]
  branch = "master"
  digest = "1:a63cff6b5d8b95638bfe300385d93b2a6d9d687734b863da8e09dc834510a690"
  name = "github.com/google/go-querystring"
  packages = ["query"]
  pruneopts = "UT"
  revision = "53e6ce116135b80d037921a7fdd5138cf32d7a8a"

[[projects]]
  branch = "master"
  digest = "1:3ee90c0d94da31b442dde97c99635aaafec68d0b8a3c12ee2075c6bdabeec6bb"
  name = "github.com/google/gofuzz"
  packages = ["."]
  pruneopts = "UT"
  revision = "24818f796faf91cd76ec7bddd72458fbced7a6c1"

[[projects]]
  digest = "1:65c4414eeb350c47b8de71110150d0ea8a281835b1f386eacaa3ad7325929c21"
  name = "github.com/googleapis/gnostic"
  packages = [
    "OpenAPIv2",
    "compiler",
    "extensions",
  ]
  pruneopts = "UT"
  revision = "7c663266750e7d82587642f65e60bc4083f1f84e"
  version = "v0.2.0"

[[projects]]
  digest = "1:f8cb7c367c825e0c0be75f17e9b003d39b1240a1535fbbf095a18d7bb0d0c9c9"
  name = "github.com/hashicorp/consul"
  packages = ["api"]
  pruneopts = "UT"
  revision = "v1.2.2"

[[projects]]
  digest = "1:f47d6109c2034cb16bd62b220e18afd5aa9d5a1630fe5d937ad96a4fb7cbb277"
  name = "github.com/hashicorp/go-cleanhttp"
  packages = ["."]
  pruneopts = "UT"
  revision = "e8ab9daed8d1ddd2d3c4efba338fe2eeae2e4f18"
  version = "v0.5.0"

[[projects]]
  branch = "master"
  digest = "1:45aad874d3c7d5e8610427c81870fb54970b981692930ec2a319ce4cb89d7a00"
  name = "github.com/hashicorp/go-rootcerts"
  packages = ["."]
  pruneopts = "UT"
  revision = "6bb64b370b90e7ef1fa532be9e591a81c3493e00"

[[projects]]
  digest = "1:0dd7b7b01769f9df356dc99f9e4144bdbabf6c79041ea7c0892379c5737f3c44"
  name = "github.com/hashicorp/serf"
  packages = ["coordinate"]
  pruneopts = "UT"
  revision = "d6574a5bb1226678d7010325fb6c985db20ee458"
  version = "v0.8.1"

[[projects]]
  digest = "1:e22af8c7518e1eab6f2eab2b7d7558927f816262586cd6ed9f349c97a6c285c4"
  name = "github.com/jmespath/go-jmespath"
  packages = ["."]
  pruneopts = "UT"
  revision = "0b12d6b5"

[[projects]]
  digest = "1:3e551bbb3a7c0ab2a2bf4660e7fcad16db089fdcfbb44b0199e62838038623ea"
  name = "github.com/json-iterator/go"
  packages = ["."]
  pruneopts = "UT"
  revision = "1624edc4454b8682399def8740d46db5e4362ba4"
  version = "v1.1.5"

[[projects]]
  digest = "1:dfe5159383dfcd370555c35374ac99022906f987b55cc65a830fb9ced970b4b1"
  name = "github.com/lyft/protoc-gen-validate"
  packages = ["validate"]
  pruneopts = "UT"
  revision = "930a67cf7ba41b9d9436ad7a1be70a5d5ff6e1fc"
  version = "v0.0.6"

[[projects]]
  digest = "1:78bbb1ba5b7c3f2ed0ea1eab57bdd3859aec7e177811563edc41198a760b06af"
  name = "github.com/mitchellh/go-homedir"
  packages = ["."]
  pruneopts = "UT"
  revision = "ae18d6b8b3205b561c79e8e5f69bff09736185f4"
  version = "v1.0.0"

[[projects]]
  digest = "1:645110e089152bd0f4a011a2648fbb0e4df5977be73ca605781157ac297f50c4"
  name = "github.com/mitchellh/mapstructure"
  packages = ["."]
  pruneopts = "UT"
  revision = "fa473d140ef3c6adf42d6b391fe76707f1f243c8"
  version = "v1.0.0"

[[projects]]
  digest = "1:33422d238f147d247752996a26574ac48dcf472976eda7f5134015f06bf16563"
  name = "github.com/modern-go/concurrent"
  packages = ["."]
  pruneopts = "UT"
  revision = "bacd9c7ef1dd9b15be4a9909b8ac7a4e313eec94"
  version = "1.0.3"

[[projects]]
  digest = "1:e32bdbdb7c377a07a9a46378290059822efdce5c8d96fe71940d87cb4f918855"
  name = "github.com/modern-go/reflect2"
  packages = ["."]
  pruneopts = "UT"
  revision = "4b7aa43c6742a2c18fdef89dd197aaae7dac7ccd"
  version = "1.0.1"

[[projects]]
  digest = "1:dab83a1bbc7ad3d7a6ba1a1cc1760f25ac38cdf7d96a5cdd55cd915a4f5ceaf9"
  name = "github.com/spf13/pflag"
  packages = ["."]
  pruneopts = "UT"
  revision = "9a97c102cda95a86cec2345a6f09f55a939babf5"
  version = "v1.0.2"

[[projects]]
  branch = "master"
  digest = "1:3f3a05ae0b95893d90b9b3b5afdb79a9b3d96e4e36e099d841ae602e4aca0da8"
  name = "golang.org/x/crypto"
  packages = ["ssh/terminal"]
  pruneopts = "UT"
  revision = "614d502a4dac94afa3a6ce146bd1736da82514c6"

[[projects]]
  branch = "master"
  digest = "1:deafe4ab271911fec7de5b693d7faae3f38796d9eb8622e2b9e7df42bb3dfea9"
  name = "golang.org/x/net"
  packages = [
    "context",
    "http/httpguts",
    "http2",
    "http2/hpack",
    "idna",
    "internal/timeseries",
    "trace",
  ]
  pruneopts = "UT"
  revision = "8a410e7b638dca158bf9e766925842f6651ff828"

[[projects]]
  branch = "master"
  digest = "1:9c99029818a3d4f53bcfd6c0158ca068aeacfecb29283f82a1f9c79b8d2a7da4"
  name = "golang.org/x/sys"
  packages = [
    "unix",
    "windows",
  ]
  pruneopts = "UT"
  revision = "d99a578cf41bfccdeaf48b0845c823a4b8b0ad5e"

[[projects]]
  digest = "1:a2ab62866c75542dd18d2b069fec854577a20211d7c0ea6ae746072a1dccdd18"
  name = "golang.org/x/text"
  packages = [
    "collate",
    "collate/build",
    "internal/colltab",
    "internal/gen",
    "internal/tag",
    "internal/triegen",
    "internal/ucd",
    "language",
    "secure/bidirule",
    "transform",
    "unicode/bidi",
    "unicode/cldr",
    "unicode/norm",
    "unicode/rangetable",
  ]
  pruneopts = "UT"
  revision = "f21a4dfb5e38f5895301dc265a8def02365cc3d0"
  version = "v0.3.0"

[[projects]]
  branch = "master"
  digest = "1:c9e7a4b4d47c0ed205d257648b0e5b0440880cb728506e318f8ac7cd36270bc4"
  name = "golang.org/x/time"
  packages = ["rate"]
  pruneopts = "UT"
  revision = "fbb02b2291d28baffd63558aa44b4b56f178d650"

[[projects]]
  branch = "master"
  digest = "1:077c1c599507b3b3e9156d17d36e1e61928ee9b53a5b420f10f28ebd4a0b275c"
  name = "google.golang.org/genproto"
  packages = ["googleapis/rpc/status"]
  pruneopts = "UT"
  revision = "c66870c02cf823ceb633bcd05be3c7cda29976f4"

[[projects]]
  digest = "1:3dd7996ce6bf52dec6a2f69fa43e7c4cefea1d4dfa3c8ab7a5f8a9f7434e239d"
  name = "google.golang.org/grpc"
  packages = [
    ".",
    "balancer",
    "balancer/base",
    "balancer/roundrobin",
    "codes",
    "connectivity",
    "credentials",
    "encoding",
    "encoding/proto",
    "grpclog",
    "internal",
    "internal/backoff",
    "internal/channelz",
    "internal/envconfig",
    "internal/grpcrand",
    "internal/transport",
    "keepalive",
    "metadata",
    "naming",
    "peer",
    "resolver",
    "resolver/dns",
    "resolver/passthrough",
    "stats",
    "status",
    "tap",
  ]
  pruneopts = "UT"
  revision = "32fb0ac620c32ba40a4626ddf94d90d12cce3455"
  version = "v1.14.0"

[[projects]]
  digest = "1:abeb38ade3f32a92943e5be54f55ed6d6e3b6602761d74b4aab4c9dd45c18abd"
  name = "gopkg.in/fsnotify.v1"
  packages = ["."]
  pruneopts = "UT"
  revision = "v1.4.7"
  source = "https://github.com/fsnotify/fsnotify.git"

[[projects]]
  digest = "1:2d1fbdc6777e5408cabeb02bf336305e724b925ff4546ded0fa8715a7267922a"
  name = "gopkg.in/inf.v0"
  packages = ["."]
  pruneopts = "UT"
  revision = "d2d2541c53f18d2a059457998ce2876cc8e67cbf"
  version = "v0.9.1"

[[projects]]
  digest = "1:342378ac4dcb378a5448dd723f0784ae519383532f5e70ade24132c4c8693202"
  name = "gopkg.in/yaml.v2"
  packages = ["."]
  pruneopts = "UT"
  revision = "5420a8b6744d3b0345ab293f6fcba19c978f1183"
  version = "v2.2.1"

[[projects]]
  digest = "1:cae8f1d1d786aa486a7ed236a8c1f099b3b44697ec6bbb5951d7e9bdb53a5125"
  name = "k8s.io/api"
  packages = [
    "admissionregistration/v1alpha1",
    "admissionregistration/v1beta1",
    "apps/v1",
    "apps/v1beta1",
    "apps/v1beta2",
    "authentication/v1",
    "authentication/v1beta1",
    "authorization/v1",
    "authorization/v1beta1",
    "autoscaling/v1",
    "autoscaling/v2beta1",
    "batch/v1",
    "batch/v1beta1",
    "batch/v2alpha1",
    "certificates/v1beta1",
    "core/v1",
    "events/v1beta1",
    "extensions/v1beta1",
    "networking/v1",
    "policy/v1beta1",
    "rbac/v1",
    "rbac/v1alpha1",
    "rbac/v1beta1",
    "scheduling/v1alpha1",
    "settings/v1alpha1",
    "storage/v1",
    "storage/v1alpha1",
    "storage/v1beta1",
  ]
  pruneopts = "UT"
  revision = "kubernetes-1.10.0"

[[projects]]
  digest = "1:5306fa4e911383bc8540148123e6a81aea1786dbf592ac051fd572fdd8a173b1"
  name = "k8s.io/apimachinery"
  packages = [
    "pkg/api/errors",
    "pkg/api/meta",
    "pkg/api/resource",
    "pkg/apis/meta/v1",
    "pkg/apis/meta/v1/unstructured",
    "pkg/apis/meta/v1beta1",
    "pkg/conversion",
    "pkg/conversion/queryparams",
    "pkg/fields",
    "pkg/labels",
    "pkg/runtime",
    "pkg/runtime/schema",
    "pkg/runtime/serializer",
    "pkg/runtime/serializer/json",
    "pkg/runtime/serializer/protobuf",
    "pkg/runtime/serializer/recognizer",
    "pkg/runtime/serializer/streaming",
    "pkg/runtime/serializer/versioning",
    "pkg/selection",
    "pkg/types",
    "pkg/util/clock",
    "pkg/util/errors",
    "pkg/util/framer",
    "pkg/util/intstr",
    "pkg/util/json",
    "pkg/util/net",
    "pkg/util/runtime",
    "pkg/util/sets",
    "pkg/util/validation",
    "pkg/util/validation/field",
    "pkg/util/wait",
    "pkg/util/yaml",
    "pkg/version",
    "pkg/watch",
    "third_party/forked/golang/reflect",
  ]
  pruneopts = "UT"
  revision = "kubernetes-1.10.0"

[[projects]]
  digest = "1:668e3c4436108728b89f3c349a7932ffc2c3436c23e202f99924479889e01fa5"
  name = "k8s.io/client-go"
  packages = [
    "discovery",
    "kubernetes",
    "kubernetes/scheme",
    "kubernetes/typed/admissionregistration/v1alpha1",
    "kubernetes/typed/admissionregistration/v1beta1",
    "kubernetes/typed/apps/v1",
    "kubernetes/typed/apps/v1beta1",
    "kubernetes/typed/apps/v1beta2",
    "kubernetes/typed/authentication/v1",
    "kubernetes/typed/authentication/v1beta1",
    "kubernetes/typed/authorization/v1",
    "kubernetes/typed/authorization/v1beta1",
    "kubernetes/typed/autoscaling/v1",
    "kubernetes/typed/autoscaling/v2beta1",
    "kubernetes/typed/batch/v1",
    "kubernetes/typed/batch/v1beta1",
    "kubernetes/typed/batch/v2alpha1",
    "kubernetes/typed/certificates/v1beta1",
    "kubernetes/typed/core/v1",
    "kubernetes/typed/events/v1beta1",
    "kubernetes/typed/extensions/v1beta1",
    "kubernetes/typed/networking/v1",
    "kubernetes/typed/policy/v1beta1",
    "kubernetes/typed/rbac/v1",
    "kubernetes/typed/rbac/v1alpha1",
    "kubernetes/typed/rbac/v1beta1",
    "kubernetes/typed/scheduling/v1alpha1",
    "kubernetes/typed/settings/v1alpha1",
    "kubernetes/typed/storage/v1",
    "kubernetes/typed/storage/v1alpha1",
    "kubernetes/typed/storage/v1beta1",
    "pkg/apis/clientauthentication",
    "pkg/apis/clientauthentication/v1alpha1",
    "pkg/version",
    "plugin/pkg/client/auth/exec",
    "rest",
    "rest/watch",
    "tools/clientcmd/api",
    "tools/metrics",
    "tools/reference",
    "transport",
    "util/cert",
    "util/flowcontrol",
    "util/integer",
  ]
  pruneopts = "UT"
  revision = "23781f4d6632d88e869066eaebb743857aa1ef9b"
  version = "v7.0.0"

[solve-meta]
  analyzer-name = "dep"
  analyzer-version = 1
  input-imports = [
    "github.com/BurntSushi/toml",
    "github.com/aws/aws-sdk-go/aws",
    "github.com/aws/aws-sdk-go/aws/credentials",
    "github.com/aws/aws-sdk-go/aws/defaults",
    "github.com/aws/aws-sdk-go/aws/session",
    "github.com/aws/aws-sdk-go/service/ec2",
    "github.com/aws/aws-sdk-go/service/ecs",
    "github.com/envoyproxy/go-control-plane/envoy/api/v2",
    "github.com/envoyproxy/go-control-plane/envoy/api/v2/auth",
    "github.com/envoyproxy/go-control-plane/envoy/api/v2/cluster",
    "github.com/envoyproxy/go-control-plane/envoy/api/v2/core",
    "github.com/envoyproxy/go-control-plane/envoy/api/v2/endpoint",
    "github.com/envoyproxy/go-control-plane/envoy/api/v2/listener",
    "github.com/envoyproxy/go-control-plane/envoy/api/v2/route",
    "github.com/envoyproxy/go-control-plane/envoy/config/accesslog/v2",
    "github.com/envoyproxy/go-control-plane/envoy/config/filter/accesslog/v2",
    "github.com/envoyproxy/go-control-plane/envoy/config/filter/http/router/v2",
    "github.com/envoyproxy/go-control-plane/envoy/config/filter/network/http_connection_manager/v2",
    "github.com/envoyproxy/go-control-plane/envoy/data/accesslog/v2",
    "github.com/envoyproxy/go-control-plane/envoy/service/accesslog/v2",
    "github.com/envoyproxy/go-control-plane/pkg/cache",
    "github.com/envoyproxy/go-control-plane/pkg/server",
    "github.com/envoyproxy/go-control-plane/pkg/util",
    "github.com/gambol99/go-marathon",
    "github.com/gogo/googleapis/google/rpc",
    "github.com/gogo/protobuf/jsonpb",
    "github.com/gogo/protobuf/proto",
    "github.com/gogo/protobuf/types",
    "github.com/hashicorp/consul/api",
    "golang.org/x/net/context",
    "google.golang.org/grpc",
    "google.golang.org/grpc/metadata",
    "gopkg.in/fsnotify.v1",
    "k8s.io/api/core/v1",
    "k8s.io/api/policy/v1beta1",
    "k8s.io/apimachinery/pkg/apis/meta/v1",
    "k8s.io/apimachinery/pkg/labels",
    "k8s.io/apimachinery/pkg/types",
    "k8s.io/apimachinery/pkg/watch",
    "k8s.io/client-go/kubernetes",
    "k8s.io/client-go/kubernetes/typed/core/v1",
    "k8s.io/client-go/rest",
  ]
  solver-name = "gps-cdcl"
  solver-version = 1
